
Microsoft Visual Studio Solution File, Format Version 12.00
# Visual Studio Version 17
VisualStudioVersion = 17.0.31903.59
MinimumVisualStudioVersion = 10.0.40219.1
Project("{2150E333-8FDC-42A3-9474-1A3956D46DE8}") = "backend", "backend", "{1AE8ACA6-933B-BF2A-3671-3E2EAC007D16}"
EndProject
Project("{FAE04EC0-301F-11D3-BF4B-00C04F79EFBC}") = "TaskService", "backend\TaskService\TaskService.csproj", "{24CA8B9E-9C10-4396-8D63-90EBC4B70BAD}"
EndProject
Project("{FAE04EC0-301F-11D3-BF4B-00C04F79EFBC}") = "SharedLib", "backend\SharedLib\SharedLib.csproj", "{0E39330C-22FC-1FCA-A784-83584590301E}"
EndProject
Project("{FAE04EC0-301F-11D3-BF4B-00C04F79EFBC}") = "TaskService.Tests", "backend\TaskService.Tests\TaskService.Tests.csproj", "{2D7C6F02-ACAB-4137-A258-F282FDC8AA63}"
EndProject
Project("{FAE04EC0-301F-11D3-BF4B-00C04F79EFBC}") = "UserService", "backend\UserService\UserService.csproj", "{BEDD1DB6-0A72-4F8A-8686-12092B690806}"
EndProject
Project("{FAE04EC0-301F-11D3-BF4B-00C04F79EFBC}") = "OrchestratorService", "backend\OrchestratorService\OrchestratorService.csproj", "{07B67357-6F98-4CE3-ADCC-828711F20E2B}"
EndProject
Project("{FAE04EC0-301F-11D3-BF4B-00C04F79EFBC}") = "DevPulseOrchestratorFn", "backend\AzureFunctions\DevPulseOrchestratorFn\DevPulseOrchestratorFn.csproj", "{EE34C943-D5EB-787A-6694-CAF1A7F8E887}"
EndProject
Project("{2150E333-8FDC-42A3-9474-1A3956D46DE8}") = "AzureFunctions", "AzureFunctions", "{02EA681E-C7D8-13C7-8484-4AC65E1B71E8}"
EndProject
Project("{2150E333-8FDC-42A3-9474-1A3956D46DE8}") = "Solution Items", "Solution Items", "{8EC462FD-D22E-90A8-E5CE-7E832BA40C5D}"
	ProjectSection(SolutionItems) = preProject
		backend\global.json = backend\global.json
	EndProjectSection
EndProject
Global
	GlobalSection(SolutionConfigurationPlatforms) = preSolution
		Debug|Any CPU = Debug|Any CPU
		Debug|x64 = Debug|x64
		Debug|x86 = Debug|x86
		Release|Any CPU = Release|Any CPU
		Release|x64 = Release|x64
		Release|x86 = Release|x86
	EndGlobalSection
	GlobalSection(ProjectConfigurationPlatforms) = postSolution
		{24CA8B9E-9C10-4396-8D63-90EBC4B70BAD}.Debug|Any CPU.ActiveCfg = Debug|Any CPU
		{24CA8B9E-9C10-4396-8D63-90EBC4B70BAD}.Debug|Any CPU.Build.0 = Debug|Any CPU
		{24CA8B9E-9C10-4396-8D63-90EBC4B70BAD}.Debug|x64.ActiveCfg = Debug|Any CPU
		{24CA8B9E-9C10-4396-8D63-90EBC4B70BAD}.Debug|x64.Build.0 = Debug|Any CPU
		{24CA8B9E-9C10-4396-8D63-90EBC4B70BAD}.Debug|x86.ActiveCfg = Debug|Any CPU
		{24CA8B9E-9C10-4396-8D63-90EBC4B70BAD}.Debug|x86.Build.0 = Debug|Any CPU
		{24CA8B9E-9C10-4396-8D63-90EBC4B70BAD}.Release|Any CPU.ActiveCfg = Release|Any CPU
		{24CA8B9E-9C10-4396-8D63-90EBC4B70BAD}.Release|Any CPU.Build.0 = Release|Any CPU
		{24CA8B9E-9C10-4396-8D63-90EBC4B70BAD}.Release|x64.ActiveCfg = Release|Any CPU
		{24CA8B9E-9C10-4396-8D63-90EBC4B70BAD}.Release|x64.Build.0 = Release|Any CPU
		{24CA8B9E-9C10-4396-8D63-90EBC4B70BAD}.Release|x86.ActiveCfg = Release|Any CPU
		{24CA8B9E-9C10-4396-8D63-90EBC4B70BAD}.Release|x86.Build.0 = Release|Any CPU
		{0E39330C-22FC-1FCA-A784-83584590301E}.Debug|Any CPU.ActiveCfg = Debug|Any CPU
		{0E39330C-22FC-1FCA-A784-83584590301E}.Debug|Any CPU.Build.0 = Debug|Any CPU
		{0E39330C-22FC-1FCA-A784-83584590301E}.Debug|x64.ActiveCfg = Debug|Any CPU
		{0E39330C-22FC-1FCA-A784-83584590301E}.Debug|x64.Build.0 = Debug|Any CPU
		{0E39330C-22FC-1FCA-A784-83584590301E}.Debug|x86.ActiveCfg = Debug|Any CPU
		{0E39330C-22FC-1FCA-A784-83584590301E}.Debug|x86.Build.0 = Debug|Any CPU
		{0E39330C-22FC-1FCA-A784-83584590301E}.Release|Any CPU.ActiveCfg = Release|Any CPU
		{0E39330C-22FC-1FCA-A784-83584590301E}.Release|Any CPU.Build.0 = Release|Any CPU
		{0E39330C-22FC-1FCA-A784-83584590301E}.Release|x64.ActiveCfg = Release|Any CPU
		{0E39330C-22FC-1FCA-A784-83584590301E}.Release|x64.Build.0 = Release|Any CPU
		{0E39330C-22FC-1FCA-A784-83584590301E}.Release|x86.ActiveCfg = Release|Any CPU
		{0E39330C-22FC-1FCA-A784-83584590301E}.Release|x86.Build.0 = Release|Any CPU
		{2D7C6F02-ACAB-4137-A258-F282FDC8AA63}.Debug|Any CPU.ActiveCfg = Debug|Any CPU
		{2D7C6F02-ACAB-4137-A258-F282FDC8AA63}.Debug|Any CPU.Build.0 = Debug|Any CPU
		{2D7C6F02-ACAB-4137-A258-F282FDC8AA63}.Debug|x64.ActiveCfg = Debug|Any CPU
		{2D7C6F02-ACAB-4137-A258-F282FDC8AA63}.Debug|x64.Build.0 = Debug|Any CPU
		{2D7C6F02-ACAB-4137-A258-F282FDC8AA63}.Debug|x86.ActiveCfg = Debug|Any CPU
		{2D7C6F02-ACAB-4137-A258-F282FDC8AA63}.Debug|x86.Build.0 = Debug|Any CPU
		{2D7C6F02-ACAB-4137-A258-F282FDC8AA63}.Release|Any CPU.ActiveCfg = Release|Any CPU
		{2D7C6F02-ACAB-4137-A258-F282FDC8AA63}.Release|Any CPU.Build.0 = Release|Any CPU
		{2D7C6F02-ACAB-4137-A258-F282FDC8AA63}.Release|x64.ActiveCfg = Release|Any CPU
		{2D7C6F02-ACAB-4137-A258-F282FDC8AA63}.Release|x64.Build.0 = Release|Any CPU
		{2D7C6F02-ACAB-4137-A258-F282FDC8AA63}.Release|x86.ActiveCfg = Release|Any CPU
		{2D7C6F02-ACAB-4137-A258-F282FDC8AA63}.Release|x86.Build.0 = Release|Any CPU
		{BEDD1DB6-0A72-4F8A-8686-12092B690806}.Debug|Any CPU.ActiveCfg = Debug|Any CPU
		{BEDD1DB6-0A72-4F8A-8686-12092B690806}.Debug|Any CPU.Build.0 = Debug|Any CPU
		{BEDD1DB6-0A72-4F8A-8686-12092B690806}.Debug|x64.ActiveCfg = Debug|Any CPU
		{BEDD1DB6-0A72-4F8A-8686-12092B690806}.Debug|x64.Build.0 = Debug|Any CPU
		{BEDD1DB6-0A72-4F8A-8686-12092B690806}.Debug|x86.ActiveCfg = Debug|Any CPU
		{BEDD1DB6-0A72-4F8A-8686-12092B690806}.Debug|x86.Build.0 = Debug|Any CPU
		{BEDD1DB6-0A72-4F8A-8686-12092B690806}.Release|Any CPU.ActiveCfg = Release|Any CPU
		{BEDD1DB6-0A72-4F8A-8686-12092B690806}.Release|Any CPU.Build.0 = Release|Any CPU
		{BEDD1DB6-0A72-4F8A-8686-12092B690806}.Release|x64.ActiveCfg = Release|Any CPU
		{BEDD1DB6-0A72-4F8A-8686-12092B690806}.Release|x64.Build.0 = Release|Any CPU
		{BEDD1DB6-0A72-4F8A-8686-12092B690806}.Release|x86.ActiveCfg = Release|Any CPU
		{BEDD1DB6-0A72-4F8A-8686-12092B690806}.Release|x86.Build.0 = Release|Any CPU
		{07B67357-6F98-4CE3-ADCC-828711F20E2B}.Debug|Any CPU.ActiveCfg = Debug|Any CPU
		{07B67357-6F98-4CE3-ADCC-828711F20E2B}.Debug|Any CPU.Build.0 = Debug|Any CPU
		{07B67357-6F98-4CE3-ADCC-828711F20E2B}.Debug|x64.ActiveCfg = Debug|Any CPU
		{07B67357-6F98-4CE3-ADCC-828711F20E2B}.Debug|x64.Build.0 = Debug|Any CPU
		{07B67357-6F98-4CE3-ADCC-828711F20E2B}.Debug|x86.ActiveCfg = Debug|Any CPU
		{07B67357-6F98-4CE3-ADCC-828711F20E2B}.Debug|x86.Build.0 = Debug|Any CPU
		{07B67357-6F98-4CE3-ADCC-828711F20E2B}.Release|Any CPU.ActiveCfg = Release|Any CPU
		{07B67357-6F98-4CE3-ADCC-828711F20E2B}.Release|Any CPU.Build.0 = Release|Any CPU
		{07B67357-6F98-4CE3-ADCC-828711F20E2B}.Release|x64.ActiveCfg = Release|Any CPU
		{07B67357-6F98-4CE3-ADCC-828711F20E2B}.Release|x64.Build.0 = Release|Any CPU
		{07B67357-6F98-4CE3-ADCC-828711F20E2B}.Release|x86.ActiveCfg = Release|Any CPU
		{07B67357-6F98-4CE3-ADCC-828711F20E2B}.Release|x86.Build.0 = Release|Any CPU
		{EE34C943-D5EB-787A-6694-CAF1A7F8E887}.Debug|Any CPU.ActiveCfg = Debug|Any CPU
		{EE34C943-D5EB-787A-6694-CAF1A7F8E887}.Debug|Any CPU.Build.0 = Debug|Any CPU
		{EE34C943-D5EB-787A-6694-CAF1A7F8E887}.Debug|x64.ActiveCfg = Debug|Any CPU
		{EE34C943-D5EB-787A-6694-CAF1A7F8E887}.Debug|x64.Build.0 = Debug|Any CPU
		{EE34C943-D5EB-787A-6694-CAF1A7F8E887}.Debug|x86.ActiveCfg = Debug|Any CPU
		{EE34C943-D5EB-787A-6694-CAF1A7F8E887}.Debug|x86.Build.0 = Debug|Any CPU
		{EE34C943-D5EB-787A-6694-CAF1A7F8E887}.Release|Any CPU.ActiveCfg = Release|Any CPU
		{EE34C943-D5EB-787A-6694-CAF1A7F8E887}.Release|Any CPU.Build.0 = Release|Any CPU
		{EE34C943-D5EB-787A-6694-CAF1A7F8E887}.Release|x64.ActiveCfg = Release|Any CPU
		{EE34C943-D5EB-787A-6694-CAF1A7F8E887}.Release|x64.Build.0 = Release|Any CPU
		{EE34C943-D5EB-787A-6694-CAF1A7F8E887}.Release|x86.ActiveCfg = Release|Any CPU
		{EE34C943-D5EB-787A-6694-CAF1A7F8E887}.Release|x86.Build.0 = Release|Any CPU
	EndGlobalSection
	GlobalSection(SolutionProperties) = preSolution
		HideSolutionNode = FALSE
	EndGlobalSection
	GlobalSection(NestedProjects) = preSolution
		{24CA8B9E-9C10-4396-8D63-90EBC4B70BAD} = {1AE8ACA6-933B-BF2A-3671-3E2EAC007D16}
		{2D7C6F02-ACAB-4137-A258-F282FDC8AA63} = {1AE8ACA6-933B-BF2A-3671-3E2EAC007D16}
		{BEDD1DB6-0A72-4F8A-8686-12092B690806} = {1AE8ACA6-933B-BF2A-3671-3E2EAC007D16}
		{07B67357-6F98-4CE3-ADCC-828711F20E2B} = {1AE8ACA6-933B-BF2A-3671-3E2EAC007D16}
		{EE34C943-D5EB-787A-6694-CAF1A7F8E887} = {02EA681E-C7D8-13C7-8484-4AC65E1B71E8}
	EndGlobalSection
	GlobalSection(ExtensibilityGlobals) = postSolution
		SolutionGuid = {DFB6AF5D-DFFD-4653-A3A6-FB33DDE9B7E6}
	EndGlobalSection
EndGlobal
